
Microsoft Visual Studio Solution File, Format Version 12.00
# Visual Studio Version 17
VisualStudioVersion = 17.3.32811.315
MinimumVisualStudioVersion = 10.0.40219.1
Project("{FAE04EC0-301F-11D3-BF4B-00C04F79EFBC}") = "Progi.BidCalculator.Backend", "Progi.BidCalculator.Backend\Progi.BidCalculator.Backend.csproj", "{F2C13793-3991-4FBD-A194-4E0B858E9417}"
EndProject
Global
	GlobalSection(SolutionConfigurationPlatforms) = preSolution
		Debug|Any CPU = Debug|Any CPU
		Release|Any CPU = Release|Any CPU
	EndGlobalSection
	GlobalSection(ProjectConfigurationPlatforms) = postSolution
		{F2C13793-3991-4FBD-A194-4E0B858E9417}.Debug|Any CPU.ActiveCfg = Debug|Any CPU
		{F2C13793-3991-4FBD-A194-4E0B858E9417}.Debug|Any CPU.Build.0 = Debug|Any CPU
		{F2C13793-3991-4FBD-A194-4E0B858E9417}.Release|Any CPU.ActiveCfg = Release|Any CPU
		{F2C13793-3991-4FBD-A194-4E0B858E9417}.Release|Any CPU.Build.0 = Release|Any CPU
	EndGlobalSection
	GlobalSection(SolutionProperties) = preSolution
		HideSolutionNode = FALSE
	EndGlobalSection
	GlobalSection(ExtensibilityGlobals) = postSolution
		SolutionGuid = {9C2484E1-DDAD-4D15-B40A-2F82BA0F307F}
	EndGlobalSection
EndGlobal
